// !$*UTF8*$!
{
	archiveVersion = 1;
	classes = {
	};
	objectVersion = 46;
	objects = {

/* Begin PBXBuildFile section */
		3B544DEA1EB0703B0084561D /* AppDelegate.swift in Sources */ = {isa = PBXBuildFile; fileRef = 3B544DE91EB0703B0084561D /* AppDelegate.swift */; };
		3B544DEC1EB0703B0084561D /* ViewController.swift in Sources */ = {isa = PBXBuildFile; fileRef = 3B544DEB1EB0703B0084561D /* ViewController.swift */; };
		3B544DEF1EB0703B0084561D /* Main.storyboard in Resources */ = {isa = PBXBuildFile; fileRef = 3B544DED1EB0703B0084561D /* Main.storyboard */; };
		3B544DF11EB0703B0084561D /* Assets.xcassets in Resources */ = {isa = PBXBuildFile; fileRef = 3B544DF01EB0703B0084561D /* Assets.xcassets */; };
		3B544DF41EB0703B0084561D /* LaunchScreen.storyboard in Resources */ = {isa = PBXBuildFile; fileRef = 3B544DF21EB0703B0084561D /* LaunchScreen.storyboard */; };
		3B544DFF1EB0703B0084561D /* CollectionViewDemoTests.swift in Sources */ = {isa = PBXBuildFile; fileRef = 3B544DFE1EB0703B0084561D /* CollectionViewDemoTests.swift */; };
		3B544E0A1EB0703B0084561D /* CollectionViewDemoUITests.swift in Sources */ = {isa = PBXBuildFile; fileRef = 3B544E091EB0703B0084561D /* CollectionViewDemoUITests.swift */; };
		3B544E181EB071FE0084561D /* MyCollectionViewCell.swift in Sources */ = {isa = PBXBuildFile; fileRef = 3B544E171EB071FE0084561D /* MyCollectionViewCell.swift */; };
/* End PBXBuildFile section */

/* Begin PBXContainerItemProxy section */
		3B544DFB1EB0703B0084561D /* PBXContainerItemProxy */ = {
			isa = PBXContainerItemProxy;
			containerPortal = 3B544DDE1EB0703B0084561D /* Project object */;
			proxyType = 1;
			remoteGlobalIDString = 3B544DE51EB0703B0084561D;
			remoteInfo = CollectionViewDemo;
		};
		3B544E061EB0703B0084561D /* PBXContainerItemProxy */ = {
			isa = PBXContainerItemProxy;
			containerPortal = 3B544DDE1EB0703B0084561D /* Project object */;
			proxyType = 1;
			remoteGlobalIDString = 3B544DE51EB0703B0084561D;
			remoteInfo = CollectionViewDemo;
		};
/* End PBXContainerItemProxy section */

/* Begin PBXFileReference section */
		3B544DE61EB0703B0084561D /* CollectionViewDemo.app */ = {isa = PBXFileReference; explicitFileType = wrapper.application; includeInIndex = 0; path = CollectionViewDemo.app; sourceTree = BUILT_PRODUCTS_DIR; };
		3B544DE91EB0703B0084561D /* AppDelegate.swift */ = {isa = PBXFileReference; lastKnownFileType = sourcecode.swift; path = AppDelegate.swift; sourceTree = "<group>"; };
		3B544DEB1EB0703B0084561D /* ViewController.swift */ = {isa = PBXFileReference; lastKnownFileType = sourcecode.swift; path = ViewController.swift; sourceTree = "<group>"; };
		3B544DEE1EB0703B0084561D /* Base */ = {isa = PBXFileReference; lastKnownFileType = file.storyboard; name = Base; path = Base.lproj/Main.storyboard; sourceTree = "<group>"; };
		3B544DF01EB0703B0084561D /* Assets.xcassets */ = {isa = PBXFileReference; lastKnownFileType = folder.assetcatalog; path = Assets.xcassets; sourceTree = "<group>"; };
		3B544DF31EB0703B0084561D /* Base */ = {isa = PBXFileReference; lastKnownFileType = file.storyboard; name = Base; path = Base.lproj/LaunchScreen.storyboard; sourceTree = "<group>"; };
		3B544DF51EB0703B0084561D /* Info.plist */ = {isa = PBXFileReference; lastKnownFileType = text.plist.xml; path = Info.plist; sourceTree = "<group>"; };
		3B544DFA1EB0703B0084561D /* CollectionViewDemoTests.xctest */ = {isa = PBXFileReference; explicitFileType = wrapper.cfbundle; includeInIndex = 0; path = CollectionViewDemoTests.xctest; sourceTree = BUILT_PRODUCTS_DIR; };
		3B544DFE1EB0703B0084561D /* CollectionViewDemoTests.swift */ = {isa = PBXFileReference; lastKnownFileType = sourcecode.swift; path = CollectionViewDemoTests.swift; sourceTree = "<group>"; };
		3B544E001EB0703B0084561D /* Info.plist */ = {isa = PBXFileReference; lastKnownFileType = text.plist.xml; path = Info.plist; sourceTree = "<group>"; };
		3B544E051EB0703B0084561D /* CollectionViewDemoUITests.xctest */ = {isa = PBXFileReference; explicitFileType = wrapper.cfbundle; includeInIndex = 0; path = CollectionViewDemoUITests.xctest; sourceTree = BUILT_PRODUCTS_DIR; };
		3B544E091EB0703B0084561D /* CollectionViewDemoUITests.swift */ = {isa = PBXFileReference; lastKnownFileType = sourcecode.swift; path = CollectionViewDemoUITests.swift; sourceTree = "<group>"; };
		3B544E0B1EB0703B0084561D /* Info.plist */ = {isa = PBXFileReference; lastKnownFileType = text.plist.xml; path = Info.plist; sourceTree = "<group>"; };
		3B544E171EB071FE0084561D /* MyCollectionViewCell.swift */ = {isa = PBXFileReference; fileEncoding = 4; lastKnownFileType = sourcecode.swift; path = MyCollectionViewCell.swift; sourceTree = "<group>"; };
/* End PBXFileReference section */

/* Begin PBXFrameworksBuildPhase section */
		3B544DE31EB0703B0084561D /* Frameworks */ = {
			isa = PBXFrameworksBuildPhase;
			buildActionMask = 2147483647;
			files = (
			);
			runOnlyForDeploymentPostprocessing = 0;
		};
		3B544DF71EB0703B0084561D /* Frameworks */ = {
			isa = PBXFrameworksBuildPhase;
			buildActionMask = 2147483647;
			files = (
			);
			runOnlyForDeploymentPostprocessing = 0;
		};
		3B544E021EB0703B0084561D /* Frameworks */ = {
			isa = PBXFrameworksBuildPhase;
			buildActionMask = 2147483647;
			files = (
			);
			runOnlyForDeploymentPostprocessing = 0;
		};
/* End PBXFrameworksBuildPhase section */

/* Begin PBXGroup section */
		3B544DDD1EB0703B0084561D = {
			isa = PBXGroup;
			children = (
				3B544DE81EB0703B0084561D /* CollectionViewDemo */,
				3B544DFD1EB0703B0084561D /* CollectionViewDemoTests */,
				3B544E081EB0703B0084561D /* CollectionViewDemoUITests */,
				3B544DE71EB0703B0084561D /* Products */,
			);
			sourceTree = "<group>";
		};
		3B544DE71EB0703B0084561D /* Products */ = {
			isa = PBXGroup;
			children = (
				3B544DE61EB0703B0084561D /* CollectionViewDemo.app */,
				3B544DFA1EB0703B0084561D /* CollectionViewDemoTests.xctest */,
				3B544E051EB0703B0084561D /* CollectionViewDemoUITests.xctest */,
			);
			name = Products;
			sourceTree = "<group>";
		};
		3B544DE81EB0703B0084561D /* CollectionViewDemo */ = {
			isa = PBXGroup;
			children = (
				3B544DE91EB0703B0084561D /* AppDelegate.swift */,
				3B544DEB1EB0703B0084561D /* ViewController.swift */,
				3B544DED1EB0703B0084561D /* Main.storyboard */,
				3B544E171EB071FE0084561D /* MyCollectionViewCell.swift */,
				3B544DF01EB0703B0084561D /* Assets.xcassets */,
				3B544DF21EB0703B0084561D /* LaunchScreen.storyboard */,
				3B544DF51EB0703B0084561D /* Info.plist */,
			);
			path = CollectionViewDemo;
			sourceTree = "<group>";
		};
		3B544DFD1EB0703B0084561D /* CollectionViewDemoTests */ = {
			isa = PBXGroup;
			children = (
				3B544DFE1EB0703B0084561D /* CollectionViewDemoTests.swift */,
				3B544E001EB0703B0084561D /* Info.plist */,
			);
			path = CollectionViewDemoTests;
			sourceTree = "<group>";
		};
		3B544E081EB0703B0084561D /* CollectionViewDemoUITests */ = {
			isa = PBXGroup;
			children = (
				3B544E091EB0703B0084561D /* CollectionViewDemoUITests.swift */,
				3B544E0B1EB0703B0084561D /* Info.plist */,
			);
			path = CollectionViewDemoUITests;
			sourceTree = "<group>";
		};
/* End PBXGroup section */

/* Begin PBXNativeTarget section */
		3B544DE51EB0703B0084561D /* CollectionViewDemo */ = {
			isa = PBXNativeTarget;
			buildConfigurationList = 3B544E0E1EB0703B0084561D /* Build configuration list for PBXNativeTarget "CollectionViewDemo" */;
			buildPhases = (
				3B544DE21EB0703B0084561D /* Sources */,
				3B544DE31EB0703B0084561D /* Frameworks */,
				3B544DE41EB0703B0084561D /* Resources */,
			);
			buildRules = (
			);
			dependencies = (
			);
			name = CollectionViewDemo;
			productName = CollectionViewDemo;
			productReference = 3B544DE61EB0703B0084561D /* CollectionViewDemo.app */;
			productType = "com.apple.product-type.application";
		};
		3B544DF91EB0703B0084561D /* CollectionViewDemoTests */ = {
			isa = PBXNativeTarget;
			buildConfigurationList = 3B544E111EB0703B0084561D /* Build configuration list for PBXNativeTarget "CollectionViewDemoTests" */;
			buildPhases = (
				3B544DF61EB0703B0084561D /* Sources */,
				3B544DF71EB0703B0084561D /* Frameworks */,
				3B544DF81EB0703B0084561D /* Resources */,
			);
			buildRules = (
			);
			dependencies = (
				3B544DFC1EB0703B0084561D /* PBXTargetDependency */,
			);
			name = CollectionViewDemoTests;
			productName = CollectionViewDemoTests;
			productReference = 3B544DFA1EB0703B0084561D /* CollectionViewDemoTests.xctest */;
			productType = "com.apple.product-type.bundle.unit-test";
		};
		3B544E041EB0703B0084561D /* CollectionViewDemoUITests */ = {
			isa = PBXNativeTarget;
			buildConfigurationList = 3B544E141EB0703B0084561D /* Build configuration list for PBXNativeTarget "CollectionViewDemoUITests" */;
			buildPhases = (
				3B544E011EB0703B0084561D /* Sources */,
				3B544E021EB0703B0084561D /* Frameworks */,
				3B544E031EB0703B0084561D /* Resources */,
			);
			buildRules = (
			);
			dependencies = (
				3B544E071EB0703B0084561D /* PBXTargetDependency */,
			);
			name = CollectionViewDemoUITests;
			productName = CollectionViewDemoUITests;
			productReference = 3B544E051EB0703B0084561D /* CollectionViewDemoUITests.xctest */;
			productType = "com.apple.product-type.bundle.ui-testing";
		};
/* End PBXNativeTarget section */

/* Begin PBXProject section */
		3B544DDE1EB0703B0084561D /* Project object */ = {
			isa = PBXProject;
			attributes = {
				LastSwiftUpdateCheck = 0830;
				LastUpgradeCheck = 0830;
				ORGANIZATIONNAME = Demo1;
				TargetAttributes = {
					3B544DE51EB0703B0084561D = {
						CreatedOnToolsVersion = 8.3;
						ProvisioningStyle = Automatic;
					};
					3B544DF91EB0703B0084561D = {
						CreatedOnToolsVersion = 8.3;
						ProvisioningStyle = Automatic;
						TestTargetID = 3B544DE51EB0703B0084561D;
					};
					3B544E041EB0703B0084561D = {
						CreatedOnToolsVersion = 8.3;
						ProvisioningStyle = Automatic;
						TestTargetID = 3B544DE51EB0703B0084561D;
					};
				};
			};
			buildConfigurationList = 3B544DE11EB0703B0084561D /* Build configuration list for PBXProject "CollectionViewDemo" */;
			compatibilityVersion = "Xcode 3.2";
			developmentRegion = English;
			hasScannedForEncodings = 0;
			knownRegions = (
				en,
				Base,
			);
			mainGroup = 3B544DDD1EB0703B0084561D;
			productRefGroup = 3B544DE71EB0703B0084561D /* Products */;
			projectDirPath = "";
			projectRoot = "";
			targets = (
				3B544DE51EB0703B0084561D /* CollectionViewDemo */,
				3B544DF91EB0703B0084561D /* CollectionViewDemoTests */,
				3B544E041EB0703B0084561D /* CollectionViewDemoUITests */,
			);
		};
/* End PBXProject section */

/* Begin PBXResourcesBuildPhase section */
		3B544DE41EB0703B0084561D /* Resources */ = {
			isa = PBXResourcesBuildPhase;
			buildActionMask = 2147483647;
			files = (
				3B544DF41EB0703B0084561D /* LaunchScreen.storyboard in Resources */,
				3B544DF11EB0703B0084561D /* Assets.xcassets in Resources */,
				3B544DEF1EB0703B0084561D /* Main.storyboard in Resources */,
			);
			runOnlyForDeploymentPostprocessing = 0;
		};
		3B544DF81EB0703B0084561D /* Resources */ = {
			isa = PBXResourcesBuildPhase;
			buildActionMask = 2147483647;
			files = (
			);
			runOnlyForDeploymentPostprocessing = 0;
		};
		3B544E031EB0703B0084561D /* Resources */ = {
			isa = PBXResourcesBuildPhase;
			buildActionMask = 2147483647;
			files = (
			);
			runOnlyForDeploymentPostprocessing = 0;
		};
/* End PBXResourcesBuildPhase section */

/* Begin PBXSourcesBuildPhase section */
		3B544DE21EB0703B0084561D /* Sources */ = {
			isa = PBXSourcesBuildPhase;
			buildActionMask = 2147483647;
			files = (
				3B544DEC1EB0703B0084561D /* ViewController.swift in Sources */,
				3B544DEA1EB0703B0084561D /* AppDelegate.swift in Sources */,
				3B544E181EB071FE0084561D /* MyCollectionViewCell.swift in Sources */,
			);
			runOnlyForDeploymentPostprocessing = 0;
		};
		3B544DF61EB0703B0084561D /* Sources */ = {
			isa = PBXSourcesBuildPhase;
			buildActionMask = 2147483647;
			files = (
				3B544DFF1EB0703B0084561D /* CollectionViewDemoTests.swift in Sources */,
			);
			runOnlyForDeploymentPostprocessing = 0;
		};
		3B544E011EB0703B0084561D /* Sources */ = {
			isa = PBXSourcesBuildPhase;
			buildActionMask = 2147483647;
			files = (
				3B544E0A1EB0703B0084561D /* CollectionViewDemoUITests.swift in Sources */,
			);
			runOnlyForDeploymentPostprocessing = 0;
		};
/* End PBXSourcesBuildPhase section */

/* Begin PBXTargetDependency section */
		3B544DFC1EB0703B0084561D /* PBXTargetDependency */ = {
			isa = PBXTargetDependency;
			target = 3B544DE51EB0703B0084561D /* CollectionViewDemo */;
			targetProxy = 3B544DFB1EB0703B0084561D /* PBXContainerItemProxy */;
		};
		3B544E071EB0703B0084561D /* PBXTargetDependency */ = {
			isa = PBXTargetDependency;
			target = 3B544DE51EB0703B0084561D /* CollectionViewDemo */;
			targetProxy = 3B544E061EB0703B0084561D /* PBXContainerItemProxy */;
		};
/* End PBXTargetDependency section */

/* Begin PBXVariantGroup section */
		3B544DED1EB0703B0084561D /* Main.storyboard */ = {
			isa = PBXVariantGroup;
			children = (
				3B544DEE1EB0703B0084561D /* Base */,
			);
			name = Main.storyboard;
			sourceTree = "<group>";
		};
		3B544DF21EB0703B0084561D /* LaunchScreen.storyboard */ = {
			isa = PBXVariantGroup;
			children = (
				3B544DF31EB0703B0084561D /* Base */,
			);
			name = LaunchScreen.storyboard;
			sourceTree = "<group>";
		};
/* End PBXVariantGroup section */

/* Begin XCBuildConfiguration section */
		3B544E0C1EB0703B0084561D /* Debug */ = {
			isa = XCBuildConfiguration;
			buildSettings = {
				ALWAYS_SEARCH_USER_PATHS = NO;
				CLANG_ANALYZER_NONNULL = YES;
				CLANG_ANALYZER_NUMBER_OBJECT_CONVERSION = YES_AGGRESSIVE;
				CLANG_CXX_LANGUAGE_STANDARD = "gnu++0x";
				CLANG_CXX_LIBRARY = "libc++";
				CLANG_ENABLE_MODULES = YES;
				CLANG_ENABLE_OBJC_ARC = YES;
				CLANG_WARN_BOOL_CONVERSION = YES;
				CLANG_WARN_CONSTANT_CONVERSION = YES;
				CLANG_WARN_DIRECT_OBJC_ISA_USAGE = YES_ERROR;
				CLANG_WARN_DOCUMENTATION_COMMENTS = YES;
				CLANG_WARN_EMPTY_BODY = YES;
				CLANG_WARN_ENUM_CONVERSION = YES;
				CLANG_WARN_INFINITE_RECURSION = YES;
				CLANG_WARN_INT_CONVERSION = YES;
				CLANG_WARN_OBJC_ROOT_CLASS = YES_ERROR;
				CLANG_WARN_SUSPICIOUS_MOVE = YES;
				CLANG_WARN_UNREACHABLE_CODE = YES;
				CLANG_WARN__DUPLICATE_METHOD_MATCH = YES;
				"CODE_SIGN_IDENTITY[sdk=iphoneos*]" = "iPhone Developer";
				COPY_PHASE_STRIP = NO;
				DEBUG_INFORMATION_FORMAT = dwarf;
				ENABLE_STRICT_OBJC_MSGSEND = YES;
				ENABLE_TESTABILITY = YES;
				GCC_C_LANGUAGE_STANDARD = gnu99;
				GCC_DYNAMIC_NO_PIC = NO;
				GCC_NO_COMMON_BLOCKS = YES;
				GCC_OPTIMIZATION_LEVEL = 0;
				GCC_PREPROCESSOR_DEFINITIONS = (
					"DEBUG=1",
					"$(inherited)",
				);
				GCC_WARN_64_TO_32_BIT_CONVERSION = YES;
				GCC_WARN_ABOUT_RETURN_TYPE = YES_ERROR;
				GCC_WARN_UNDECLARED_SELECTOR = YES;
				GCC_WARN_UNINITIALIZED_AUTOS = YES_AGGRESSIVE;
				GCC_WARN_UNUSED_FUNCTION = YES;
				GCC_WARN_UNUSED_VARIABLE = YES;
				IPHONEOS_DEPLOYMENT_TARGET = 10.3;
				MTL_ENABLE_DEBUG_INFO = YES;
				ONLY_ACTIVE_ARCH = YES;
				SDKROOT = iphoneos;
				SWIFT_ACTIVE_COMPILATION_CONDITIONS = DEBUG;
				SWIFT_OPTIMIZATION_LEVEL = "-Onone";
			};
			name = Debug;
		};
		3B544E0D1EB0703B0084561D /* Release */ = {
			isa = XCBuildConfiguration;
			buildSettings = {
				ALWAYS_SEARCH_USER_PATHS = NO;
				CLANG_ANALYZER_NONNULL = YES;
				CLANG_ANALYZER_NUMBER_OBJECT_CONVERSION = YES_AGGRESSIVE;
				CLANG_CXX_LANGUAGE_STANDARD = "gnu++0x";
				CLANG_CXX_LIBRARY = "libc++";
				CLANG_ENABLE_MODULES = YES;
				CLANG_ENABLE_OBJC_ARC = YES;
				CLANG_WARN_BOOL_CONVERSION = YES;
				CLANG_WARN_CONSTANT_CONVERSION = YES;
				CLANG_WARN_DIRECT_OBJC_ISA_USAGE = YES_ERROR;
				CLANG_WARN_DOCUMENTATION_COMMENTS = YES;
				CLANG_WARN_EMPTY_BODY = YES;
				CLANG_WARN_ENUM_CONVERSION = YES;
				CLANG_WARN_INFINITE_RECURSION = YES;
				CLANG_WARN_INT_CONVERSION = YES;
				CLANG_WARN_OBJC_ROOT_CLASS = YES_ERROR;
				CLANG_WARN_SUSPICIOUS_MOVE = YES;
				CLANG_WARN_UNREACHABLE_CODE = YES;
				CLANG_WARN__DUPLICATE_METHOD_MATCH = YES;
				"CODE_SIGN_IDENTITY[sdk=iphoneos*]" = "iPhone Developer";
				COPY_PHASE_STRIP = NO;
				DEBUG_INFORMATION_FORMAT = "dwarf-with-dsym";
				ENABLE_NS_ASSERTIONS = NO;
				ENABLE_STRICT_OBJC_MSGSEND = YES;
				GCC_C_LANGUAGE_STANDARD = gnu99;
				GCC_NO_COMMON_BLOCKS = YES;
				GCC_WARN_64_TO_32_BIT_CONVERSION = YES;
				GCC_WARN_ABOUT_RETURN_TYPE = YES_ERROR;
				GCC_WARN_UNDECLARED_SELECTOR = YES;
				GCC_WARN_UNINITIALIZED_AUTOS = YES_AGGRESSIVE;
				GCC_WARN_UNUSED_FUNCTION = YES;
				GCC_WARN_UNUSED_VARIABLE = YES;
				IPHONEOS_DEPLOYMENT_TARGET = 10.3;
				MTL_ENABLE_DEBUG_INFO = NO;
				SDKROOT = iphoneos;
				SWIFT_OPTIMIZATION_LEVEL = "-Owholemodule";
				VALIDATE_PRODUCT = YES;
			};
			name = Release;
		};
		3B544E0F1EB0703B0084561D /* Debug */ = {
			isa = XCBuildConfiguration;
			buildSettings = {
				ASSETCATALOG_COMPILER_APPICON_NAME = AppIcon;
				INFOPLIST_FILE = CollectionViewDemo/Info.plist;
				LD_RUNPATH_SEARCH_PATHS = "$(inherited) @executable_path/Frameworks";
				PRODUCT_BUNDLE_IDENTIFIER = Demo1.CollectionViewDemo;
				PRODUCT_NAME = "$(TARGET_NAME)";
				SWIFT_VERSION = 3.0;
			};
			name = Debug;
		};
		3B544E101EB0703B0084561D /* Release */ = {
			isa = XCBuildConfiguration;
			buildSettings = {
				ASSETCATALOG_COMPILER_APPICON_NAME = AppIcon;
				INFOPLIST_FILE = CollectionViewDemo/Info.plist;
				LD_RUNPATH_SEARCH_PATHS = "$(inherited) @executable_path/Frameworks";
				PRODUCT_BUNDLE_IDENTIFIER = Demo1.CollectionViewDemo;
				PRODUCT_NAME = "$(TARGET_NAME)";
				SWIFT_VERSION = 3.0;
			};
			name = Release;
		};
		3B544E121EB0703B0084561D /* Debug */ = {
			isa = XCBuildConfiguration;
			buildSettings = {
				ALWAYS_EMBED_SWIFT_STANDARD_LIBRARIES = YES;
				BUNDLE_LOADER = "$(TEST_HOST)";
				INFOPLIST_FILE = CollectionViewDemoTests/Info.plist;
				LD_RUNPATH_SEARCH_PATHS = "$(inherited) @executable_path/Frameworks @loader_path/Frameworks";
				PRODUCT_BUNDLE_IDENTIFIER = Demo1.CollectionViewDemoTests;
				PRODUCT_NAME = "$(TARGET_NAME)";
				SWIFT_VERSION = 3.0;
				TEST_HOST = "$(BUILT_PRODUCTS_DIR)/CollectionViewDemo.app/CollectionViewDemo";
			};
			name = Debug;
		};
		3B544E131EB0703B0084561D /* Release */ = {
			isa = XCBuildConfiguration;
			buildSettings = {
				ALWAYS_EMBED_SWIFT_STANDARD_LIBRARIES = YES;
				BUNDLE_LOADER = "$(TEST_HOST)";
				INFOPLIST_FILE = CollectionViewDemoTests/Info.plist;
				LD_RUNPATH_SEARCH_PATHS = "$(inherited) @executable_path/Frameworks @loader_path/Frameworks";
				PRODUCT_BUNDLE_IDENTIFIER = Demo1.CollectionViewDemoTests;
				PRODUCT_NAME = "$(TARGET_NAME)";
				SWIFT_VERSION = 3.0;
				TEST_HOST = "$(BUILT_PRODUCTS_DIR)/CollectionViewDemo.app/CollectionViewDemo";
			};
			name = Release;
		};
		3B544E151EB0703B0084561D /* Debug */ = {
			isa = XCBuildConfiguration;
			buildSettings = {
				ALWAYS_EMBED_SWIFT_STANDARD_LIBRARIES = YES;
				INFOPLIST_FILE = CollectionViewDemoUITests/Info.plist;
				LD_RUNPATH_SEARCH_PATHS = "$(inherited) @executable_path/Frameworks @loader_path/Frameworks";
				PRODUCT_BUNDLE_IDENTIFIER = Demo1.CollectionViewDemoUITests;
				PRODUCT_NAME = "$(TARGET_NAME)";
				SWIFT_VERSION = 3.0;
				TEST_TARGET_NAME = CollectionViewDemo;
			};
			name = Debug;
		};
		3B544E161EB0703B0084561D /* Release */ = {
			isa = XCBuildConfiguration;
			buildSettings = {
				ALWAYS_EMBED_SWIFT_STANDARD_LIBRARIES = YES;
				INFOPLIST_FILE = CollectionViewDemoUITests/Info.plist;
				LD_RUNPATH_SEARCH_PATHS = "$(inherited) @executable_path/Frameworks @loader_path/Frameworks";
				PRODUCT_BUNDLE_IDENTIFIER = Demo1.CollectionViewDemoUITests;
				PRODUCT_NAME = "$(TARGET_NAME)";
				SWIFT_VERSION = 3.0;
				TEST_TARGET_NAME = CollectionViewDemo;
			};
			name = Release;
		};
/* End XCBuildConfiguration section */

/* Begin XCConfigurationList section */
		3B544DE11EB0703B0084561D /* Build configuration list for PBXProject "CollectionViewDemo" */ = {
			isa = XCConfigurationList;
			buildConfigurations = (
				3B544E0C1EB0703B0084561D /* Debug */,
				3B544E0D1EB0703B0084561D /* Release */,
			);
			defaultConfigurationIsVisible = 0;
			defaultConfigurationName = Release;
		};
		3B544E0E1EB0703B0084561D /* Build configuration list for PBXNativeTarget "CollectionViewDemo" */ = {
			isa = XCConfigurationList;
			buildConfigurations = (
				3B544E0F1EB0703B0084561D /* Debug */,
				3B544E101EB0703B0084561D /* Release */,
			);
			defaultConfigurationIsVisible = 0;
		};
		3B544E111EB0703B0084561D /* Build configuration list for PBXNativeTarget "CollectionViewDemoTests" */ = {
			isa = XCConfigurationList;
			buildConfigurations = (
				3B544E121EB0703B0084561D /* Debug */,
				3B544E131EB0703B0084561D /* Release */,
			);
			defaultConfigurationIsVisible = 0;
		};
		3B544E141EB0703B0084561D /* Build configuration list for PBXNativeTarget "CollectionViewDemoUITests" */ = {
			isa = XCConfigurationList;
			buildConfigurations = (
				3B544E151EB0703B0084561D /* Debug */,
				3B544E161EB0703B0084561D /* Release */,
			);
			defaultConfigurationIsVisible = 0;
		};
/* End XCConfigurationList section */
	};
	rootObject = 3B544DDE1EB0703B0084561D /* Project object */;
}
